
Microsoft Visual Studio Solution File, Format Version 12.00
# Visual Studio 15
VisualStudioVersion = 15.0.28010.2036
MinimumVisualStudioVersion = 10.0.40219.1
Project("{FAE04EC0-301F-11D3-BF4B-00C04F79EFBC}") = "MultiThreadingDowSys", "MultiThreadingDowSys\MultiThreadingDowSys.csproj", "{1F2E8C24-BEF7-4933-BFCD-7B7ED88DD79A}"
EndProject
Global
	GlobalSection(SolutionConfigurationPlatforms) = preSolution
		Debug|Any CPU = Debug|Any CPU
		Release|Any CPU = Release|Any CPU
	EndGlobalSection
	GlobalSection(ProjectConfigurationPlatforms) = postSolution
		{1F2E8C24-BEF7-4933-BFCD-7B7ED88DD79A}.Debug|Any CPU.ActiveCfg = Debug|Any CPU
		{1F2E8C24-BEF7-4933-BFCD-7B7ED88DD79A}.Debug|Any CPU.Build.0 = Debug|Any CPU
		{1F2E8C24-BEF7-4933-BFCD-7B7ED88DD79A}.Release|Any CPU.ActiveCfg = Release|Any CPU
		{1F2E8C24-BEF7-4933-BFCD-7B7ED88DD79A}.Release|Any CPU.Build.0 = Release|Any CPU
	EndGlobalSection
	GlobalSection(SolutionProperties) = preSolution
		HideSolutionNode = FALSE
	EndGlobalSection
	GlobalSection(ExtensibilityGlobals) = postSolution
		SolutionGuid = {4C89FF18-3AD8-4270-A6AC-148FD64E86D2}
	EndGlobalSection
EndGlobal
